
Microsoft Visual Studio Solution File, Format Version 12.00
# Visual Studio Version 17
VisualStudioVersion = 17.14.36518.9 d17.14
MinimumVisualStudioVersion = 10.0.40219.1
Project("{FAE04EC0-301F-11D3-BF4B-00C04F79EFBC}") = "Nazar Prueba", "Nazar Prueba\Nazar Prueba.csproj", "{7C3F3146-EB32-4A88-87C1-A25F6E5F6446}"
EndProject
Global
	GlobalSection(SolutionConfigurationPlatforms) = preSolution
		Debug|Any CPU = Debug|Any CPU
		Release|Any CPU = Release|Any CPU
	EndGlobalSection
	GlobalSection(ProjectConfigurationPlatforms) = postSolution
		{7C3F3146-EB32-4A88-87C1-A25F6E5F6446}.Debug|Any CPU.ActiveCfg = Debug|Any CPU
		{7C3F3146-EB32-4A88-87C1-A25F6E5F6446}.Debug|Any CPU.Build.0 = Debug|Any CPU
		{7C3F3146-EB32-4A88-87C1-A25F6E5F6446}.Release|Any CPU.ActiveCfg = Release|Any CPU
		{7C3F3146-EB32-4A88-87C1-A25F6E5F6446}.Release|Any CPU.Build.0 = Release|Any CPU
	EndGlobalSection
	GlobalSection(SolutionProperties) = preSolution
		HideSolutionNode = FALSE
	EndGlobalSection
	GlobalSection(ExtensibilityGlobals) = postSolution
		SolutionGuid = {1C7174AC-E09B-403C-B0F8-530E0B3910C1}
	EndGlobalSection
EndGlobal
